using System;

class Program
{
    static void Main(string[] args)
    {
        int[] productIds = { 9000, 2, 3 };
        string[] productNames = { "Produkt 1", "Produkt 2", "Produkt 3" };
        decimal[] productPrices = { 10.99m, 20.99m, 30.99m };
        int[] productStocks = { 100, 50, 75 };

        Console.WriteLine("Velkommen til vores butik!");

        // Display the products in the store
        for (int i = 0; i < productIds.Length; i++)
        {
            Console.WriteLine($"ID: {productIds[i]}, Navn: {productNames[i]}, Pris: {productPrices[i]:C}, Lagerbeholdning: {productStocks[i]}");
        }

        // Simulate scanning of product ID
        Console.WriteLine("Scan produkt ID:");
        int productId;
        while (!int.TryParse(Console.ReadLine(), out productId) || !Array.Exists(productIds, id => id == productId))
        {
            Console.WriteLine("Fejl: Ugyldigt produkt ID.");
            Console.WriteLine("Scan produkt ID:");
        }

        // Prompt user to enter quantity
        Console.WriteLine("Indtast antallet du ønsker at købe: ");
        int quantity;
        while (!int.TryParse(Console.ReadLine(), out quantity))
        {
            Console.WriteLine("Fejl: Indtast venligst et heltal som antal.");
            Console.WriteLine("Indtast antallet du ønsker at købe: ");
        }

        // Find the index of the product ID
        int index = Array.IndexOf(productIds, productId);

        // Check if there's enough stock
        if (productStocks[index] >= quantity)
        {
            // Calculate total price
            decimal totalPrice = productPrices[index] * quantity;

            // Decrease the product stock
            productStocks[index] -= quantity;

            // Display purchase details
            Console.WriteLine($"Du har købt {quantity} stk. af {productNames[index]} til {totalPrice:C}");

            // Display new stock status
            Console.WriteLine($"Ny lagerstatus for {productNames[index]}: {productStocks[index]}");
        }
        else
        {
            // Inform the user if there's not enough stock
            Console.WriteLine("Fejl: Der er ikke nok på lager.");
        }
    }
}
